
Microsoft Visual Studio Solution File, Format Version 12.00
# Visual Studio Version 16
VisualStudioVersion = 16.0.30011.22
MinimumVisualStudioVersion = 10.0.40219.1
Project("{FAE04EC0-301F-11D3-BF4B-00C04F79EFBC}") = "Bilge Kahve Evi v1", "Bilge Kahve Evi v1.csproj", "{DD016B5B-740F-464D-835A-8BFDAC8CE2A8}"
EndProject
Global
	GlobalSection(SolutionConfigurationPlatforms) = preSolution
		Debug|Any CPU = Debug|Any CPU
		Release|Any CPU = Release|Any CPU
	EndGlobalSection
	GlobalSection(ProjectConfigurationPlatforms) = postSolution
		{DD016B5B-740F-464D-835A-8BFDAC8CE2A8}.Debug|Any CPU.ActiveCfg = Debug|Any CPU
		{DD016B5B-740F-464D-835A-8BFDAC8CE2A8}.Debug|Any CPU.Build.0 = Debug|Any CPU
		{DD016B5B-740F-464D-835A-8BFDAC8CE2A8}.Release|Any CPU.ActiveCfg = Release|Any CPU
		{DD016B5B-740F-464D-835A-8BFDAC8CE2A8}.Release|Any CPU.Build.0 = Release|Any CPU
	EndGlobalSection
	GlobalSection(SolutionProperties) = preSolution
		HideSolutionNode = FALSE
	EndGlobalSection
	GlobalSection(ExtensibilityGlobals) = postSolution
		SolutionGuid = {0BBA8714-2185-467F-B30C-152D00FD00C1}
	EndGlobalSection
EndGlobal
